
Microsoft Visual Studio Solution File, Format Version 12.00
# Visual Studio Version 16
VisualStudioVersion = 16.0.808.0
MinimumVisualStudioVersion = 10.0.40219.1
Project("{FAE04EC0-301F-11D3-BF4B-00C04F79EFBC}") = "ThePretendCompanyApplication", "ThePretendCompanyApplication\ThePretendCompanyApplication.csproj", "{8F9E0ABE-9F19-4FFE-9C02-7281518D6AD4}"
EndProject
Project("{FAE04EC0-301F-11D3-BF4B-00C04F79EFBC}") = "TCPData", "TCPData\TCPData.csproj", "{3BDFB47A-4FAC-428F-AF5C-0975532AC47E}"
EndProject
Project("{FAE04EC0-301F-11D3-BF4B-00C04F79EFBC}") = "TCPExtensions", "TCPExtensions\TCPExtensions.csproj", "{A0BEB94B-1583-4CF0-A11F-613B9A7F83E2}"
EndProject
Global
	GlobalSection(SolutionConfigurationPlatforms) = preSolution
		Debug|Any CPU = Debug|Any CPU
		Release|Any CPU = Release|Any CPU
	EndGlobalSection
	GlobalSection(ProjectConfigurationPlatforms) = postSolution
		{8F9E0ABE-9F19-4FFE-9C02-7281518D6AD4}.Debug|Any CPU.ActiveCfg = Debug|Any CPU
		{8F9E0ABE-9F19-4FFE-9C02-7281518D6AD4}.Debug|Any CPU.Build.0 = Debug|Any CPU
		{8F9E0ABE-9F19-4FFE-9C02-7281518D6AD4}.Release|Any CPU.ActiveCfg = Release|Any CPU
		{8F9E0ABE-9F19-4FFE-9C02-7281518D6AD4}.Release|Any CPU.Build.0 = Release|Any CPU
		{3BDFB47A-4FAC-428F-AF5C-0975532AC47E}.Debug|Any CPU.ActiveCfg = Debug|Any CPU
		{3BDFB47A-4FAC-428F-AF5C-0975532AC47E}.Debug|Any CPU.Build.0 = Debug|Any CPU
		{3BDFB47A-4FAC-428F-AF5C-0975532AC47E}.Release|Any CPU.ActiveCfg = Release|Any CPU
		{3BDFB47A-4FAC-428F-AF5C-0975532AC47E}.Release|Any CPU.Build.0 = Release|Any CPU
		{A0BEB94B-1583-4CF0-A11F-613B9A7F83E2}.Debug|Any CPU.ActiveCfg = Debug|Any CPU
		{A0BEB94B-1583-4CF0-A11F-613B9A7F83E2}.Debug|Any CPU.Build.0 = Debug|Any CPU
		{A0BEB94B-1583-4CF0-A11F-613B9A7F83E2}.Release|Any CPU.ActiveCfg = Release|Any CPU
		{A0BEB94B-1583-4CF0-A11F-613B9A7F83E2}.Release|Any CPU.Build.0 = Release|Any CPU
	EndGlobalSection
	GlobalSection(SolutionProperties) = preSolution
		HideSolutionNode = FALSE
	EndGlobalSection
	GlobalSection(ExtensibilityGlobals) = postSolution
		SolutionGuid = {D509EE5B-DE6F-48BC-A6FF-97F4C2565C80}
	EndGlobalSection
EndGlobal
